PODS:
  - ABFRealmMapView (1.8):
    - RBQFetchedResultsController (>= 2.0)
    - Realm (>= 0.98)
  - Alamofire (3.3.1)
  - AlamofireNetworkActivityIndicator (1.0.1):
    - Alamofire (~> 3.3)
  - AsyncSwift (1.7.2)
  - BNRDynamicTypeManager (0.1.0):
    - BNRDynamicTypeManager/Controls (= 0.1.0)
    - BNRDynamicTypeManager/Core (= 0.1.0)
  - BNRDynamicTypeManager/Controls (0.1.0):
    - BNRDynamicTypeManager/Core
  - BNRDynamicTypeManager/Core (0.1.0)
  - INTULocationManager (4.2.0)
  - JLRoutes (1.6)
  - Kingfisher (2.3.1)
  - ModelMapper (2.1.0)
  - PKHUD (3.1.0)
  - R.swift (2.1.0):
    - R.swift.Library (~> 2.0.0)
  - R.swift.Library (2.0.0)
  - RBQFetchedResultsController (4.0.2):
    - Realm (>= 0.99.1)
  - Realm (0.100.0):
    - Realm/Headers (= 0.100.0)
  - Realm/Headers (0.100.0)
  - RealmMapView (1.8):
    - ABFRealmMapView (>= 1.8)
    - RealmSwift (>= 0.98)
    - SwiftFetchedResultsController (>= 2.4.3)
  - RealmSwift (0.100.0):
    - Realm (= 0.100.0)
  - SSKeychain (1.4.0)
  - SwiftFetchedResultsController (4.0.2):
    - RBQFetchedResultsController (>= 4.0.2)
    - RealmSwift (>= 0.99.1)

DEPENDENCIES:
  - Alamofire
  - AlamofireNetworkActivityIndicator
  - AsyncSwift
  - BNRDynamicTypeManager
  - INTULocationManager
  - JLRoutes
  - Kingfisher
  - ModelMapper
  - PKHUD
  - R.swift
  - RealmMapView
  - RealmSwift
  - SSKeychain

SPEC CHECKSUMS:
  ABFRealmMapView: b440d11a5666a4575847a8e02313e57c370a4d38
  Alamofire: 369bc67b6f5ac33ded3648d7bd21c5bfb91c2ecc
  AlamofireNetworkActivityIndicator: 49a6e39afb947136f7b1872bae2d684957c26697
  AsyncSwift: 46a78bceb11f0e5bb52747f740d9692ec78d2d7c
  BNRDynamicTypeManager: 44ee2970cd0120cbedd3dec84da41d0381525219
  INTULocationManager: 73f8254b3d05c897c56bb13c190e5b7c648c0998
  JLRoutes: 435d791422e96c9b9b5e1c4db1aedb3ae1b1a08f
  Kingfisher: 6d3fbada4829cbc7b89e883e8218c28afeb64e42
  ModelMapper: e599744bc1e869bdb87b453b7ce16981028b8513
  PKHUD: 4167eccdb1b3a892fd80ce2b51cb6ba412a889ab
  R.swift: efff131531b5cf142e28fd94957806ff71ccbcf2
  R.swift.Library: 9f4b2d12040daa1ffe336d8f7e1574f73721fd01
  RBQFetchedResultsController: 4e1066e12cb4d4a87ed1f86569a88ff80cfb288a
  Realm: b13b548e712d28a66678970c45cd245ebb94ba3b
  RealmMapView: e7857bc757f54baf81133b24e91383da292dbf5e
  RealmSwift: 1bb0ba2ceaa06b65d740b4f91bfa06e3fd1b805c
  SSKeychain: c71293fa57216a40ab06c23f4085387583293de4
  SwiftFetchedResultsController: 7f9edc93250e6c803f0fa7bfedb8f3111155d4f5

PODFILE CHECKSUM: 8bdf3c02f40222604b577a3f6e4e9422a9dc75a2

COCOAPODS: 1.0.0.beta.8
